
Microsoft Visual Studio Solution File, Format Version 12.00
# Visual Studio Version 17
VisualStudioVersion = 17.9.34728.123
MinimumVisualStudioVersion = 10.0.40219.1
Project("{FAE04EC0-301F-11D3-BF4B-00C04F79EFBC}") = "NorthwindApp.Server", "NorthwindApp.Server\NorthwindApp.Server.csproj", "{472DB623-A013-48D7-894D-95BCD542CDAB}"
EndProject
Project("{54A90642-561A-4BB1-A94E-469ADEE60C69}") = "northwindapp.client", "northwindapp.client\northwindapp.client.esproj", "{814587BD-42AA-4909-AFD6-8626CA7986FD}"
EndProject
Global
	GlobalSection(SolutionConfigurationPlatforms) = preSolution
		Debug|Any CPU = Debug|Any CPU
		Release|Any CPU = Release|Any CPU
	EndGlobalSection
	GlobalSection(ProjectConfigurationPlatforms) = postSolution
		{472DB623-A013-48D7-894D-95BCD542CDAB}.Debug|Any CPU.ActiveCfg = Debug|Any CPU
		{472DB623-A013-48D7-894D-95BCD542CDAB}.Debug|Any CPU.Build.0 = Debug|Any CPU
		{472DB623-A013-48D7-894D-95BCD542CDAB}.Release|Any CPU.ActiveCfg = Release|Any CPU
		{472DB623-A013-48D7-894D-95BCD542CDAB}.Release|Any CPU.Build.0 = Release|Any CPU
		{814587BD-42AA-4909-AFD6-8626CA7986FD}.Debug|Any CPU.ActiveCfg = Debug|Any CPU
		{814587BD-42AA-4909-AFD6-8626CA7986FD}.Debug|Any CPU.Build.0 = Debug|Any CPU
		{814587BD-42AA-4909-AFD6-8626CA7986FD}.Debug|Any CPU.Deploy.0 = Debug|Any CPU
		{814587BD-42AA-4909-AFD6-8626CA7986FD}.Release|Any CPU.ActiveCfg = Release|Any CPU
		{814587BD-42AA-4909-AFD6-8626CA7986FD}.Release|Any CPU.Build.0 = Release|Any CPU
		{814587BD-42AA-4909-AFD6-8626CA7986FD}.Release|Any CPU.Deploy.0 = Release|Any CPU
	EndGlobalSection
	GlobalSection(SolutionProperties) = preSolution
		HideSolutionNode = FALSE
	EndGlobalSection
	GlobalSection(ExtensibilityGlobals) = postSolution
		SolutionGuid = {789F9CA4-45FC-478A-ABFD-97E44F5644C1}
	EndGlobalSection
EndGlobal
